{
  "name": "vigila",
  "lockfileVersion": 3,
  "requires": true,
  "packages": {
    "": {
      "name": "vigila",
      "dependencies": {
        "@echelon-foundry/typescript-wasm-kernel": "^0.5.1"
      }
    },
    "node_modules/@echelon-foundry/repository-operating-system": {
      "version": "1.2.1",
      "resolved": "https://registry.npmjs.org/@echelon-foundry/repository-operating-system/-/repository-operating-system-1.2.1.tgz",
      "integrity": "sha512-z7/CKBYgdjq5CYfyUvr4e8Up0D0Pnq5AMYlbd9ZPOrP5olnt7E7p6PLoWZQQRd4Fzu8TgaoinnIZANngiYvjFg==",
      "license": "MIT",
      "bin": {
        "ros-bootstrap": "bin/ros-bootstrap.mjs"
      },
      "engines": {
        "node": ">=18"
      }
    },
    "node_modules/@echelon-foundry/typescript-wasm-kernel": {
      "version": "0.5.1",
      "resolved": "https://registry.npmjs.org/@echelon-foundry/typescript-wasm-kernel/-/typescript-wasm-kernel-0.5.1.tgz",
      "integrity": "sha512-11CfyHG4s9117QpEPmZSPiH1WIv/ZiQ5gaEroy1EJGLjx+ryuXiip+TzpFveogs+DgupZOTrHQ0Mk72o168hzA==",
      "license": "MIT",
      "dependencies": {
        "@echelon-foundry/repository-operating-system": "^1.2.1"
      },
      "bin": {
        "limen": "bin/limen.js",
        "typescript-wasm-kernel": "bin/limen.js"
      },
      "engines": {
        "node": ">=22"
      }
    }
  }
}
