{
  "name": "vigila",
  "lockfileVersion": 3,
  "requires": true,
  "packages": {
    "": {
      "name": "vigila",
      "dependencies": {
        "@echelon-foundry/design-system": "https://github.com/kemiller2002/forma/releases/download/v0.3.0/echelon-foundry-design-system-0.3.0.tgz",
        "@echelon-foundry/limen": "0.7.0",
        "@echelon-foundry/print-components": "https://github.com/kemiller2002/folio/releases/download/v0.3.0/echelon-foundry-print-components-0.3.0.tgz"
      },
      "devDependencies": {
        "@playwright/test": "^1.63.0"
      }
    },
    "node_modules/@echelon-foundry/design-system": {
      "version": "0.3.0",
      "resolved": "https://github.com/kemiller2002/forma/releases/download/v0.3.0/echelon-foundry-design-system-0.3.0.tgz",
      "integrity": "sha512-Sr1VlWFS2YAofKkf+uFOTZeInygx4JdIWAMwwwDGTdeB8vBj001op5Gt08GpxuQxrFp8ni5Sxg1mM6+OarKt9w=="
    },
    "node_modules/@echelon-foundry/limen": {
      "version": "0.7.0",
      "resolved": "https://registry.npmjs.org/@echelon-foundry/limen/-/limen-0.7.0.tgz",
      "integrity": "sha512-d/gP29b8D2VIye//3IawLE5+oSzbinEvlFE9r+rx0RitRLPpbfyCG0lLicKwa1+f+cpoWaDVEm9ravB4CQ6Q6g==",
      "license": "MIT",
      "bin": {
        "limen": "bin/limen.js",
        "typescript-wasm-kernel": "bin/limen.js"
      },
      "engines": {
        "node": ">=22"
      }
    },
    "node_modules/@echelon-foundry/print-components": {
      "version": "0.3.0",
      "resolved": "https://github.com/kemiller2002/folio/releases/download/v0.3.0/echelon-foundry-print-components-0.3.0.tgz",
      "integrity": "sha512-1O1LHy4zz0UcogjyKcUKN1ITWHWlOcxKjhZO8U78szvDqE6fRMB4xFYj88g4ev5XLUgI3anCs+3kDMPDdMSHIA==",
      "engines": {
        "node": ">=24 <25"
      }
    },
    "node_modules/@playwright/test": {
      "version": "1.63.0",
      "resolved": "https://registry.npmjs.org/@playwright/test/-/test-1.63.0.tgz",
      "integrity": "sha512-oxMK4vllB9RK5NQ2l1pq1IfOf2AvnEuj/vYGDj0H2nMtmtZpKtCwt/l00GEO6xjGfpBNAvjovvYdCm50dRQkpQ==",
      "dev": true,
      "license": "Apache-2.0",
      "dependencies": {
        "playwright": "1.63.0"
      },
      "bin": {
        "playwright": "cli.js"
      },
      "engines": {
        "node": ">=20"
      }
    },
    "node_modules/playwright": {
      "version": "1.63.0",
      "resolved": "https://registry.npmjs.org/playwright/-/playwright-1.63.0.tgz",
      "integrity": "sha512-+7ziBLidS4NaNCdt57SUDT+wYmmd5fmiQejUic/kb+YsYSCPyOOE9sebzMjNmQrsnNpDJqd4WHvV/8lfKfUDUg==",
      "dev": true,
      "license": "Apache-2.0",
      "dependencies": {
        "playwright-core": "1.63.0"
      },
      "bin": {
        "playwright": "cli.js"
      },
      "engines": {
        "node": ">=20"
      }
    },
    "node_modules/playwright-core": {
      "version": "1.63.0",
      "resolved": "https://registry.npmjs.org/playwright-core/-/playwright-core-1.63.0.tgz",
      "integrity": "sha512-rYCsBF/M5HjUch52bbtVONEFjv6Xu8sm8h72dNlR5bzIE1fvC/bxgspzkjSfU+MweEMmPM8KJebG6nnyxo5mCg==",
      "dev": true,
      "license": "Apache-2.0",
      "bin": {
        "playwright-core": "cli.js"
      },
      "engines": {
        "node": ">=20"
      }
    }
  }
}
