{
  "name": "vigila",
  "lockfileVersion": 3,
  "requires": true,
  "packages": {
    "": {
      "name": "vigila",
      "dependencies": {
        "@echelon-foundry/design-system": "https://github.com/kemiller2002/forma/releases/download/v0.2.0/echelon-foundry-design-system-0.2.0.tgz",
        "@echelon-foundry/print-components": "https://github.com/kemiller2002/folio/archive/273b18f5b23db15cddd173c05af5d1a8484fc4cf.tar.gz",
        "@echelon-foundry/typescript-wasm-kernel": "0.6.2"
      },
      "devDependencies": {
        "@playwright/test": "^1.63.0"
      }
    },
    "node_modules/@echelon-foundry/typescript-wasm-kernel": {
      "version": "0.6.2",
      "resolved": "https://registry.npmjs.org/@echelon-foundry/typescript-wasm-kernel/-/typescript-wasm-kernel-0.6.2.tgz",
      "license": "MIT",
      "bin": {
        "limen": "bin/limen.js",
        "typescript-wasm-kernel": "bin/limen.js"
      },
      "engines": {
        "node": ">=22"
      }
    },
    "node_modules/@playwright/test": {
      "version": "1.63.0",
      "resolved": "https://registry.npmjs.org/@playwright/test/-/test-1.63.0.tgz",
      "integrity": "sha512-oxMK4vllB9RK5NQ2l1pq1IfOf2AvnEuj/vYGDj0H2nMtmtZpKtCwt/l00GEO6xjGfpBNAvjovvYdCm50dRQkpQ==",
      "dev": true,
      "license": "Apache-2.0",
      "dependencies": {
        "playwright": "1.63.0"
      },
      "bin": {
        "playwright": "cli.js"
      },
      "engines": {
        "node": ">=20"
      }
    },
    "node_modules/playwright": {
      "version": "1.63.0",
      "resolved": "https://registry.npmjs.org/playwright/-/playwright-1.63.0.tgz",
      "integrity": "sha512-+7ziBLidS4NaNCdt57SUDT+wYmmd5fmiQejUic/kb+YsYSCPyOOE9sebzMjNmQrsnNpDJqd4WHvV/8lfKfUDUg==",
      "dev": true,
      "license": "Apache-2.0",
      "dependencies": {
        "playwright-core": "1.63.0"
      },
      "bin": {
        "playwright": "cli.js"
      },
      "engines": {
        "node": ">=20"
      }
    },
    "node_modules/playwright-core": {
      "version": "1.63.0",
      "resolved": "https://registry.npmjs.org/playwright-core/-/playwright-core-1.63.0.tgz",
      "integrity": "sha512-rYCsBF/M5HjUch52bbtVONEFjv6Xu8sm8h72dNlR5bzIE1fvC/bxgspzkjSfU+MweEMmPM8KJebG6nnyxo5mCg==",
      "dev": true,
      "license": "Apache-2.0",
      "bin": {
        "playwright-core": "cli.js"
      },
      "engines": {
        "node": ">=20"
      }
    },
    "node_modules/@echelon-foundry/design-system": {
      "version": "0.2.0",
      "resolved": "https://github.com/kemiller2002/forma/releases/download/v0.2.0/echelon-foundry-design-system-0.2.0.tgz",
      "integrity": "sha256-0ePeY783SnRraP0Rw1hkWRl9rToJ2vKqXg7aUiqLMPo="
    },
    "node_modules/@echelon-foundry/print-components": {
      "version": "0.3.0",
      "resolved": "https://github.com/kemiller2002/folio/archive/273b18f5b23db15cddd173c05af5d1a8484fc4cf.tar.gz",
      "engines": {
        "node": ">=24 <25"
      }
    }
  }
}
